# THIS IS AN AUTOGENERATED FILE. DO NOT EDIT THIS FILE DIRECTLY.
# yarn lockfile v1


flip-toolkit@^7.0.17:
  version "7.0.17"
  resolved "https://registry.yarnpkg.com/flip-toolkit/-/flip-toolkit-7.0.17.tgz#e9bae94f2c4501c0b3e979920ac40205a72b8fc3"
  integrity sha512-bybUdLNbC80F0+v+t3TBfxEAMVGhvXLi3pZ+qTtr4aCu/Y/5YQimMij0xJKT1qtz4SO31V4zftIgaTJdCCFiHA==
  dependencies:
    rematrix "0.2.2"

rematrix@0.2.2:
  version "0.2.2"
  resolved "https://registry.yarnpkg.com/rematrix/-/rematrix-0.2.2.tgz#c96a050260782db9908904885991256e23beda5d"
  integrity sha512-agFFS3RzrLXJl5LY5xg/xYyXvUuVAnkhgKO7RaO9J1Ssth6yvbO+PIiV67V59MB5NCdAK2flvGvNT4mdKVniFA==
